
Microsoft Visual Studio Solution File, Format Version 12.00
# Visual Studio Version 16
VisualStudioVersion = 16.0.30621.155
MinimumVisualStudioVersion = 10.0.40219.1
Project("{FAE04EC0-301F-11D3-BF4B-00C04F79EFBC}") = "SeriesFavoritas", "SeriesFavoritas\SeriesFavoritas.csproj", "{86A01E8B-68B8-4F5A-B05D-D22960BC0150}"
EndProject
Global
	GlobalSection(SolutionConfigurationPlatforms) = preSolution
		Debug|Any CPU = Debug|Any CPU
		Release|Any CPU = Release|Any CPU
	EndGlobalSection
	GlobalSection(ProjectConfigurationPlatforms) = postSolution
		{86A01E8B-68B8-4F5A-B05D-D22960BC0150}.Debug|Any CPU.ActiveCfg = Debug|Any CPU
		{86A01E8B-68B8-4F5A-B05D-D22960BC0150}.Debug|Any CPU.Build.0 = Debug|Any CPU
		{86A01E8B-68B8-4F5A-B05D-D22960BC0150}.Release|Any CPU.ActiveCfg = Release|Any CPU
		{86A01E8B-68B8-4F5A-B05D-D22960BC0150}.Release|Any CPU.Build.0 = Release|Any CPU
	EndGlobalSection
	GlobalSection(SolutionProperties) = preSolution
		HideSolutionNode = FALSE
	EndGlobalSection
	GlobalSection(ExtensibilityGlobals) = postSolution
		SolutionGuid = {6236BD59-B4E1-44B9-95CE-C5F3C10D9FE1}
	EndGlobalSection
EndGlobal
